
Microsoft Visual Studio Solution File, Format Version 12.00
# Visual Studio Version 17
VisualStudioVersion = 17.1.32210.238
MinimumVisualStudioVersion = 10.0.40219.1
Project("{FAE04EC0-301F-11D3-BF4B-00C04F79EFBC}") = "Saper - gra", "Saper - gra.csproj", "{5A759493-F9AB-437E-B11D-2EC9AA72F619}"
EndProject
Global
	GlobalSection(SolutionConfigurationPlatforms) = preSolution
		Debug|Any CPU = Debug|Any CPU
		Release|Any CPU = Release|Any CPU
	EndGlobalSection
	GlobalSection(ProjectConfigurationPlatforms) = postSolution
		{5A759493-F9AB-437E-B11D-2EC9AA72F619}.Debug|Any CPU.ActiveCfg = Debug|Any CPU
		{5A759493-F9AB-437E-B11D-2EC9AA72F619}.Debug|Any CPU.Build.0 = Debug|Any CPU
		{5A759493-F9AB-437E-B11D-2EC9AA72F619}.Release|Any CPU.ActiveCfg = Release|Any CPU
		{5A759493-F9AB-437E-B11D-2EC9AA72F619}.Release|Any CPU.Build.0 = Release|Any CPU
	EndGlobalSection
	GlobalSection(SolutionProperties) = preSolution
		HideSolutionNode = FALSE
	EndGlobalSection
	GlobalSection(ExtensibilityGlobals) = postSolution
		SolutionGuid = {6441F933-0F08-4E7F-8285-86DF3FC24E26}
	EndGlobalSection
EndGlobal
